// !$*UTF8*$!
{
	archiveVersion = 1;
	classes = {
	};
	objectVersion = 50;
	objects = {

/* Begin PBXBuildFile section */
		BDEC3378251ED0F6006038BE /* AppDelegate.swift in Sources */ = {isa = PBXBuildFile; fileRef = BDEC3377251ED0F6006038BE /* AppDelegate.swift */; };
		BDEC337A251ED0F6006038BE /* SceneDelegate.swift in Sources */ = {isa = PBXBuildFile; fileRef = BDEC3379251ED0F6006038BE /* SceneDelegate.swift */; };
		BDEC337C251ED0F6006038BE /* ViewController.swift in Sources */ = {isa = PBXBuildFile; fileRef = BDEC337B251ED0F6006038BE /* ViewController.swift */; };
		BDEC337F251ED0F6006038BE /* Main.storyboard in Resources */ = {isa = PBXBuildFile; fileRef = BDEC337D251ED0F6006038BE /* Main.storyboard */; };
		BDEC3381251ED0F8006038BE /* Assets.xcassets in Resources */ = {isa = PBXBuildFile; fileRef = BDEC3380251ED0F8006038BE /* Assets.xcassets */; };
		BDEC3384251ED0F8006038BE /* LaunchScreen.storyboard in Resources */ = {isa = PBXBuildFile; fileRef = BDEC3382251ED0F8006038BE /* LaunchScreen.storyboard */; };
		BDEC338F251ED0F9006038BE /* flixTests.swift in Sources */ = {isa = PBXBuildFile; fileRef = BDEC338E251ED0F9006038BE /* flixTests.swift */; };
		BDEC339A251ED0F9006038BE /* flixUITests.swift in Sources */ = {isa = PBXBuildFile; fileRef = BDEC3399251ED0F9006038BE /* flixUITests.swift */; };
/* End PBXBuildFile section */

/* Begin PBXContainerItemProxy section */
		BDEC338B251ED0F8006038BE /* PBXContainerItemProxy */ = {
			isa = PBXContainerItemProxy;
			containerPortal = BDEC336C251ED0F6006038BE /* Project object */;
			proxyType = 1;
			remoteGlobalIDString = BDEC3373251ED0F6006038BE;
			remoteInfo = flix;
		};
		BDEC3396251ED0F9006038BE /* PBXContainerItemProxy */ = {
			isa = PBXContainerItemProxy;
			containerPortal = BDEC336C251ED0F6006038BE /* Project object */;
			proxyType = 1;
			remoteGlobalIDString = BDEC3373251ED0F6006038BE;
			remoteInfo = flix;
		};
/* End PBXContainerItemProxy section */

/* Begin PBXFileReference section */
		BDEC3374251ED0F6006038BE /* flix.app */ = {isa = PBXFileReference; explicitFileType = wrapper.application; includeInIndex = 0; path = flix.app; sourceTree = BUILT_PRODUCTS_DIR; };
		BDEC3377251ED0F6006038BE /* AppDelegate.swift */ = {isa = PBXFileReference; lastKnownFileType = sourcecode.swift; path = AppDelegate.swift; sourceTree = "<group>"; };
		BDEC3379251ED0F6006038BE /* SceneDelegate.swift */ = {isa = PBXFileReference; lastKnownFileType = sourcecode.swift; path = SceneDelegate.swift; sourceTree = "<group>"; };
		BDEC337B251ED0F6006038BE /* ViewController.swift */ = {isa = PBXFileReference; lastKnownFileType = sourcecode.swift; path = ViewController.swift; sourceTree = "<group>"; };
		BDEC337E251ED0F6006038BE /* Base */ = {isa = PBXFileReference; lastKnownFileType = file.storyboard; name = Base; path = Base.lproj/Main.storyboard; sourceTree = "<group>"; };
		BDEC3380251ED0F8006038BE /* Assets.xcassets */ = {isa = PBXFileReference; lastKnownFileType = folder.assetcatalog; path = Assets.xcassets; sourceTree = "<group>"; };
		BDEC3383251ED0F8006038BE /* Base */ = {isa = PBXFileReference; lastKnownFileType = file.storyboard; name = Base; path = Base.lproj/LaunchScreen.storyboard; sourceTree = "<group>"; };
		BDEC3385251ED0F8006038BE /* Info.plist */ = {isa = PBXFileReference; lastKnownFileType = text.plist.xml; path = Info.plist; sourceTree = "<group>"; };
		BDEC338A251ED0F8006038BE /* flixTests.xctest */ = {isa = PBXFileReference; explicitFileType = wrapper.cfbundle; includeInIndex = 0; path = flixTests.xctest; sourceTree = BUILT_PRODUCTS_DIR; };
		BDEC338E251ED0F9006038BE /* flixTests.swift */ = {isa = PBXFileReference; lastKnownFileType = sourcecode.swift; path = flixTests.swift; sourceTree = "<group>"; };
		BDEC3390251ED0F9006038BE /* Info.plist */ = {isa = PBXFileReference; lastKnownFileType = text.plist.xml; path = Info.plist; sourceTree = "<group>"; };
		BDEC3395251ED0F9006038BE /* flixUITests.xctest */ = {isa = PBXFileReference; explicitFileType = wrapper.cfbundle; includeInIndex = 0; path = flixUITests.xctest; sourceTree = BUILT_PRODUCTS_DIR; };
		BDEC3399251ED0F9006038BE /* flixUITests.swift */ = {isa = PBXFileReference; lastKnownFileType = sourcecode.swift; path = flixUITests.swift; sourceTree = "<group>"; };
		BDEC339B251ED0F9006038BE /* Info.plist */ = {isa = PBXFileReference; lastKnownFileType = text.plist.xml; path = Info.plist; sourceTree = "<group>"; };
/* End PBXFileReference section */

/* Begin PBXFrameworksBuildPhase section */
		BDEC3371251ED0F6006038BE /* Frameworks */ = {
			isa = PBXFrameworksBuildPhase;
			buildActionMask = 2147483647;
			files = (
			);
			runOnlyForDeploymentPostprocessing = 0;
		};
		BDEC3387251ED0F8006038BE /* Frameworks */ = {
			isa = PBXFrameworksBuildPhase;
			buildActionMask = 2147483647;
			files = (
			);
			runOnlyForDeploymentPostprocessing = 0;
		};
		BDEC3392251ED0F9006038BE /* Frameworks */ = {
			isa = PBXFrameworksBuildPhase;
			buildActionMask = 2147483647;
			files = (
			);
			runOnlyForDeploymentPostprocessing = 0;
		};
/* End PBXFrameworksBuildPhase section */

/* Begin PBXGroup section */
		BDEC336B251ED0F6006038BE = {
			isa = PBXGroup;
			children = (
				BDEC3376251ED0F6006038BE /* flix */,
				BDEC338D251ED0F9006038BE /* flixTests */,
				BDEC3398251ED0F9006038BE /* flixUITests */,
				BDEC3375251ED0F6006038BE /* Products */,
			);
			sourceTree = "<group>";
		};
		BDEC3375251ED0F6006038BE /* Products */ = {
			isa = PBXGroup;
			children = (
				BDEC3374251ED0F6006038BE /* flix.app */,
				BDEC338A251ED0F8006038BE /* flixTests.xctest */,
				BDEC3395251ED0F9006038BE /* flixUITests.xctest */,
			);
			name = Products;
			sourceTree = "<group>";
		};
		BDEC3376251ED0F6006038BE /* flix */ = {
			isa = PBXGroup;
			children = (
				BDEC3377251ED0F6006038BE /* AppDelegate.swift */,
				BDEC3379251ED0F6006038BE /* SceneDelegate.swift */,
				BDEC337B251ED0F6006038BE /* ViewController.swift */,
				BDEC337D251ED0F6006038BE /* Main.storyboard */,
				BDEC3380251ED0F8006038BE /* Assets.xcassets */,
				BDEC3382251ED0F8006038BE /* LaunchScreen.storyboard */,
				BDEC3385251ED0F8006038BE /* Info.plist */,
			);
			path = flix;
			sourceTree = "<group>";
		};
		BDEC338D251ED0F9006038BE /* flixTests */ = {
			isa = PBXGroup;
			children = (
				BDEC338E251ED0F9006038BE /* flixTests.swift */,
				BDEC3390251ED0F9006038BE /* Info.plist */,
			);
			path = flixTests;
			sourceTree = "<group>";
		};
		BDEC3398251ED0F9006038BE /* flixUITests */ = {
			isa = PBXGroup;
			children = (
				BDEC3399251ED0F9006038BE /* flixUITests.swift */,
				BDEC339B251ED0F9006038BE /* Info.plist */,
			);
			path = flixUITests;
			sourceTree = "<group>";
		};
/* End PBXGroup section */

/* Begin PBXNativeTarget section */
		BDEC3373251ED0F6006038BE /* flix */ = {
			isa = PBXNativeTarget;
			buildConfigurationList = BDEC339E251ED0F9006038BE /* Build configuration list for PBXNativeTarget "flix" */;
			buildPhases = (
				BDEC3370251ED0F6006038BE /* Sources */,
				BDEC3371251ED0F6006038BE /* Frameworks */,
				BDEC3372251ED0F6006038BE /* Resources */,
			);
			buildRules = (
			);
			dependencies = (
			);
			name = flix;
			productName = flix;
			productReference = BDEC3374251ED0F6006038BE /* flix.app */;
			productType = "com.apple.product-type.application";
		};
		BDEC3389251ED0F8006038BE /* flixTests */ = {
			isa = PBXNativeTarget;
			buildConfigurationList = BDEC33A1251ED0F9006038BE /* Build configuration list for PBXNativeTarget "flixTests" */;
			buildPhases = (
				BDEC3386251ED0F8006038BE /* Sources */,
				BDEC3387251ED0F8006038BE /* Frameworks */,
				BDEC3388251ED0F8006038BE /* Resources */,
			);
			buildRules = (
			);
			dependencies = (
				BDEC338C251ED0F8006038BE /* PBXTargetDependency */,
			);
			name = flixTests;
			productName = flixTests;
			productReference = BDEC338A251ED0F8006038BE /* flixTests.xctest */;
			productType = "com.apple.product-type.bundle.unit-test";
		};
		BDEC3394251ED0F9006038BE /* flixUITests */ = {
			isa = PBXNativeTarget;
			buildConfigurationList = BDEC33A4251ED0F9006038BE /* Build configuration list for PBXNativeTarget "flixUITests" */;
			buildPhases = (
				BDEC3391251ED0F9006038BE /* Sources */,
				BDEC3392251ED0F9006038BE /* Frameworks */,
				BDEC3393251ED0F9006038BE /* Resources */,
			);
			buildRules = (
			);
			dependencies = (
				BDEC3397251ED0F9006038BE /* PBXTargetDependency */,
			);
			name = flixUITests;
			productName = flixUITests;
			productReference = BDEC3395251ED0F9006038BE /* flixUITests.xctest */;
			productType = "com.apple.product-type.bundle.ui-testing";
		};
/* End PBXNativeTarget section */

/* Begin PBXProject section */
		BDEC336C251ED0F6006038BE /* Project object */ = {
			isa = PBXProject;
			attributes = {
				LastSwiftUpdateCheck = 1170;
				LastUpgradeCheck = 1170;
				ORGANIZATIONNAME = Codepath;
				TargetAttributes = {
					BDEC3373251ED0F6006038BE = {
						CreatedOnToolsVersion = 11.7;
					};
					BDEC3389251ED0F8006038BE = {
						CreatedOnToolsVersion = 11.7;
						TestTargetID = BDEC3373251ED0F6006038BE;
					};
					BDEC3394251ED0F9006038BE = {
						CreatedOnToolsVersion = 11.7;
						TestTargetID = BDEC3373251ED0F6006038BE;
					};
				};
			};
			buildConfigurationList = BDEC336F251ED0F6006038BE /* Build configuration list for PBXProject "flix" */;
			compatibilityVersion = "Xcode 9.3";
			developmentRegion = en;
			hasScannedForEncodings = 0;
			knownRegions = (
				en,
				Base,
			);
			mainGroup = BDEC336B251ED0F6006038BE;
			productRefGroup = BDEC3375251ED0F6006038BE /* Products */;
			projectDirPath = "";
			projectRoot = "";
			targets = (
				BDEC3373251ED0F6006038BE /* flix */,
				BDEC3389251ED0F8006038BE /* flixTests */,
				BDEC3394251ED0F9006038BE /* flixUITests */,
			);
		};
/* End PBXProject section */

/* Begin PBXResourcesBuildPhase section */
		BDEC3372251ED0F6006038BE /* Resources */ = {
			isa = PBXResourcesBuildPhase;
			buildActionMask = 2147483647;
			files = (
				BDEC3384251ED0F8006038BE /* LaunchScreen.storyboard in Resources */,
				BDEC3381251ED0F8006038BE /* Assets.xcassets in Resources */,
				BDEC337F251ED0F6006038BE /* Main.storyboard in Resources */,
			);
			runOnlyForDeploymentPostprocessing = 0;
		};
		BDEC3388251ED0F8006038BE /* Resources */ = {
			isa = PBXResourcesBuildPhase;
			buildActionMask = 2147483647;
			files = (
			);
			runOnlyForDeploymentPostprocessing = 0;
		};
		BDEC3393251ED0F9006038BE /* Resources */ = {
			isa = PBXResourcesBuildPhase;
			buildActionMask = 2147483647;
			files = (
			);
			runOnlyForDeploymentPostprocessing = 0;
		};
/* End PBXResourcesBuildPhase section */

/* Begin PBXSourcesBuildPhase section */
		BDEC3370251ED0F6006038BE /* Sources */ = {
			isa = PBXSourcesBuildPhase;
			buildActionMask = 2147483647;
			files = (
				BDEC337C251ED0F6006038BE /* ViewController.swift in Sources */,
				BDEC3378251ED0F6006038BE /* AppDelegate.swift in Sources */,
				BDEC337A251ED0F6006038BE /* SceneDelegate.swift in Sources */,
			);
			runOnlyForDeploymentPostprocessing = 0;
		};
		BDEC3386251ED0F8006038BE /* Sources */ = {
			isa = PBXSourcesBuildPhase;
			buildActionMask = 2147483647;
			files = (
				BDEC338F251ED0F9006038BE /* flixTests.swift in Sources */,
			);
			runOnlyForDeploymentPostprocessing = 0;
		};
		BDEC3391251ED0F9006038BE /* Sources */ = {
			isa = PBXSourcesBuildPhase;
			buildActionMask = 2147483647;
			files = (
				BDEC339A251ED0F9006038BE /* flixUITests.swift in Sources */,
			);
			runOnlyForDeploymentPostprocessing = 0;
		};
/* End PBXSourcesBuildPhase section */

/* Begin PBXTargetDependency section */
		BDEC338C251ED0F8006038BE /* PBXTargetDependency */ = {
			isa = PBXTargetDependency;
			target = BDEC3373251ED0F6006038BE /* flix */;
			targetProxy = BDEC338B251ED0F8006038BE /* PBXContainerItemProxy */;
		};
		BDEC3397251ED0F9006038BE /* PBXTargetDependency */ = {
			isa = PBXTargetDependency;
			target = BDEC3373251ED0F6006038BE /* flix */;
			targetProxy = BDEC3396251ED0F9006038BE /* PBXContainerItemProxy */;
		};
/* End PBXTargetDependency section */

/* Begin PBXVariantGroup section */
		BDEC337D251ED0F6006038BE /* Main.storyboard */ = {
			isa = PBXVariantGroup;
			children = (
				BDEC337E251ED0F6006038BE /* Base */,
			);
			name = Main.storyboard;
			sourceTree = "<group>";
		};
		BDEC3382251ED0F8006038BE /* LaunchScreen.storyboard */ = {
			isa = PBXVariantGroup;
			children = (
				BDEC3383251ED0F8006038BE /* Base */,
			);
			name = LaunchScreen.storyboard;
			sourceTree = "<group>";
		};
/* End PBXVariantGroup section */

/* Begin XCBuildConfiguration section */
		BDEC339C251ED0F9006038BE /* Debug */ = {
			isa = XCBuildConfiguration;
			buildSettings = {
				ALWAYS_SEARCH_USER_PATHS = NO;
				CLANG_ANALYZER_NONNULL = YES;
				CLANG_ANALYZER_NUMBER_OBJECT_CONVERSION = YES_AGGRESSIVE;
				CLANG_CXX_LANGUAGE_STANDARD = "gnu++14";
				CLANG_CXX_LIBRARY = "libc++";
				CLANG_ENABLE_MODULES = YES;
				CLANG_ENABLE_OBJC_ARC = YES;
				CLANG_ENABLE_OBJC_WEAK = YES;
				CLANG_WARN_BLOCK_CAPTURE_AUTORELEASING = YES;
				CLANG_WARN_BOOL_CONVERSION = YES;
				CLANG_WARN_COMMA = YES;
				CLANG_WARN_CONSTANT_CONVERSION = YES;
				CLANG_WARN_DEPRECATED_OBJC_IMPLEMENTATIONS = YES;
				CLANG_WARN_DIRECT_OBJC_ISA_USAGE = YES_ERROR;
				CLANG_WARN_DOCUMENTATION_COMMENTS = YES;
				CLANG_WARN_EMPTY_BODY = YES;
				CLANG_WARN_ENUM_CONVERSION = YES;
				CLANG_WARN_INFINITE_RECURSION = YES;
				CLANG_WARN_INT_CONVERSION = YES;
				CLANG_WARN_NON_LITERAL_NULL_CONVERSION = YES;
				CLANG_WARN_OBJC_IMPLICIT_RETAIN_SELF = YES;
				CLANG_WARN_OBJC_LITERAL_CONVERSION = YES;
				CLANG_WARN_OBJC_ROOT_CLASS = YES_ERROR;
				CLANG_WARN_RANGE_LOOP_ANALYSIS = YES;
				CLANG_WARN_STRICT_PROTOTYPES = YES;
				CLANG_WARN_SUSPICIOUS_MOVE = YES;
				CLANG_WARN_UNGUARDED_AVAILABILITY = YES_AGGRESSIVE;
				CLANG_WARN_UNREACHABLE_CODE = YES;
				CLANG_WARN__DUPLICATE_METHOD_MATCH = YES;
				COPY_PHASE_STRIP = NO;
				DEBUG_INFORMATION_FORMAT = dwarf;
				ENABLE_STRICT_OBJC_MSGSEND = YES;
				ENABLE_TESTABILITY = YES;
				GCC_C_LANGUAGE_STANDARD = gnu11;
				GCC_DYNAMIC_NO_PIC = NO;
				GCC_NO_COMMON_BLOCKS = YES;
				GCC_OPTIMIZATION_LEVEL = 0;
				GCC_PREPROCESSOR_DEFINITIONS = (
					"DEBUG=1",
					"$(inherited)",
				);
				GCC_WARN_64_TO_32_BIT_CONVERSION = YES;
				GCC_WARN_ABOUT_RETURN_TYPE = YES_ERROR;
				GCC_WARN_UNDECLARED_SELECTOR = YES;
				GCC_WARN_UNINITIALIZED_AUTOS = YES_AGGRESSIVE;
				GCC_WARN_UNUSED_FUNCTION = YES;
				GCC_WARN_UNUSED_VARIABLE = YES;
				IPHONEOS_DEPLOYMENT_TARGET = 13.7;
				MTL_ENABLE_DEBUG_INFO = INCLUDE_SOURCE;
				MTL_FAST_MATH = YES;
				ONLY_ACTIVE_ARCH = YES;
				SDKROOT = iphoneos;
				SWIFT_ACTIVE_COMPILATION_CONDITIONS = DEBUG;
				SWIFT_OPTIMIZATION_LEVEL = "-Onone";
			};
			name = Debug;
		};
		BDEC339D251ED0F9006038BE /* Release */ = {
			isa = XCBuildConfiguration;
			buildSettings = {
				ALWAYS_SEARCH_USER_PATHS = NO;
				CLANG_ANALYZER_NONNULL = YES;
				CLANG_ANALYZER_NUMBER_OBJECT_CONVERSION = YES_AGGRESSIVE;
				CLANG_CXX_LANGUAGE_STANDARD = "gnu++14";
				CLANG_CXX_LIBRARY = "libc++";
				CLANG_ENABLE_MODULES = YES;
				CLANG_ENABLE_OBJC_ARC = YES;
				CLANG_ENABLE_OBJC_WEAK = YES;
				CLANG_WARN_BLOCK_CAPTURE_AUTORELEASING = YES;
				CLANG_WARN_BOOL_CONVERSION = YES;
				CLANG_WARN_COMMA = YES;
				CLANG_WARN_CONSTANT_CONVERSION = YES;
				CLANG_WARN_DEPRECATED_OBJC_IMPLEMENTATIONS = YES;
				CLANG_WARN_DIRECT_OBJC_ISA_USAGE = YES_ERROR;
				CLANG_WARN_DOCUMENTATION_COMMENTS = YES;
				CLANG_WARN_EMPTY_BODY = YES;
				CLANG_WARN_ENUM_CONVERSION = YES;
				CLANG_WARN_INFINITE_RECURSION = YES;
				CLANG_WARN_INT_CONVERSION = YES;
				CLANG_WARN_NON_LITERAL_NULL_CONVERSION = YES;
				CLANG_WARN_OBJC_IMPLICIT_RETAIN_SELF = YES;
				CLANG_WARN_OBJC_LITERAL_CONVERSION = YES;
				CLANG_WARN_OBJC_ROOT_CLASS = YES_ERROR;
				CLANG_WARN_RANGE_LOOP_ANALYSIS = YES;
				CLANG_WARN_STRICT_PROTOTYPES = YES;
				CLANG_WARN_SUSPICIOUS_MOVE = YES;
				CLANG_WARN_UNGUARDED_AVAILABILITY = YES_AGGRESSIVE;
				CLANG_WARN_UNREACHABLE_CODE = YES;
				CLANG_WARN__DUPLICATE_METHOD_MATCH = YES;
				COPY_PHASE_STRIP = NO;
				DEBUG_INFORMATION_FORMAT = "dwarf-with-dsym";
				ENABLE_NS_ASSERTIONS = NO;
				ENABLE_STRICT_OBJC_MSGSEND = YES;
				GCC_C_LANGUAGE_STANDARD = gnu11;
				GCC_NO_COMMON_BLOCKS = YES;
				GCC_WARN_64_TO_32_BIT_CONVERSION = YES;
				GCC_WARN_ABOUT_RETURN_TYPE = YES_ERROR;
				GCC_WARN_UNDECLARED_SELECTOR = YES;
				GCC_WARN_UNINITIALIZED_AUTOS = YES_AGGRESSIVE;
				GCC_WARN_UNUSED_FUNCTION = YES;
				GCC_WARN_UNUSED_VARIABLE = YES;
				IPHONEOS_DEPLOYMENT_TARGET = 13.7;
				MTL_ENABLE_DEBUG_INFO = NO;
				MTL_FAST_MATH = YES;
				SDKROOT = iphoneos;
				SWIFT_COMPILATION_MODE = wholemodule;
				SWIFT_OPTIMIZATION_LEVEL = "-O";
				VALIDATE_PRODUCT = YES;
			};
			name = Release;
		};
		BDEC339F251ED0F9006038BE /* Debug */ = {
			isa = XCBuildConfiguration;
			buildSettings = {
				ASSETCATALOG_COMPILER_APPICON_NAME = AppIcon;
				CODE_SIGN_STYLE = Automatic;
				INFOPLIST_FILE = flix/Info.plist;
				LD_RUNPATH_SEARCH_PATHS = (
					"$(inherited)",
					"@executable_path/Frameworks",
				);
				PRODUCT_BUNDLE_IDENTIFIER = Codepath.flix;
				PRODUCT_NAME = "$(TARGET_NAME)";
				SWIFT_VERSION = 5.0;
				TARGETED_DEVICE_FAMILY = "1,2";
			};
			name = Debug;
		};
		BDEC33A0251ED0F9006038BE /* Release */ = {
			isa = XCBuildConfiguration;
			buildSettings = {
				ASSETCATALOG_COMPILER_APPICON_NAME = AppIcon;
				CODE_SIGN_STYLE = Automatic;
				INFOPLIST_FILE = flix/Info.plist;
				LD_RUNPATH_SEARCH_PATHS = (
					"$(inherited)",
					"@executable_path/Frameworks",
				);
				PRODUCT_BUNDLE_IDENTIFIER = Codepath.flix;
				PRODUCT_NAME = "$(TARGET_NAME)";
				SWIFT_VERSION = 5.0;
				TARGETED_DEVICE_FAMILY = "1,2";
			};
			name = Release;
		};
		BDEC33A2251ED0F9006038BE /* Debug */ = {
			isa = XCBuildConfiguration;
			buildSettings = {
				ALWAYS_EMBED_SWIFT_STANDARD_LIBRARIES = YES;
				BUNDLE_LOADER = "$(TEST_HOST)";
				CODE_SIGN_STYLE = Automatic;
				INFOPLIST_FILE = flixTests/Info.plist;
				IPHONEOS_DEPLOYMENT_TARGET = 13.7;
				LD_RUNPATH_SEARCH_PATHS = (
					"$(inherited)",
					"@executable_path/Frameworks",
					"@loader_path/Frameworks",
				);
				PRODUCT_BUNDLE_IDENTIFIER = Codepath.flixTests;
				PRODUCT_NAME = "$(TARGET_NAME)";
				SWIFT_VERSION = 5.0;
				TARGETED_DEVICE_FAMILY = "1,2";
				TEST_HOST = "$(BUILT_PRODUCTS_DIR)/flix.app/flix";
			};
			name = Debug;
		};
		BDEC33A3251ED0F9006038BE /* Release */ = {
			isa = XCBuildConfiguration;
			buildSettings = {
				ALWAYS_EMBED_SWIFT_STANDARD_LIBRARIES = YES;
				BUNDLE_LOADER = "$(TEST_HOST)";
				CODE_SIGN_STYLE = Automatic;
				INFOPLIST_FILE = flixTests/Info.plist;
				IPHONEOS_DEPLOYMENT_TARGET = 13.7;
				LD_RUNPATH_SEARCH_PATHS = (
					"$(inherited)",
					"@executable_path/Frameworks",
					"@loader_path/Frameworks",
				);
				PRODUCT_BUNDLE_IDENTIFIER = Codepath.flixTests;
				PRODUCT_NAME = "$(TARGET_NAME)";
				SWIFT_VERSION = 5.0;
				TARGETED_DEVICE_FAMILY = "1,2";
				TEST_HOST = "$(BUILT_PRODUCTS_DIR)/flix.app/flix";
			};
			name = Release;
		};
		BDEC33A5251ED0F9006038BE /* Debug */ = {
			isa = XCBuildConfiguration;
			buildSettings = {
				ALWAYS_EMBED_SWIFT_STANDARD_LIBRARIES = YES;
				CODE_SIGN_STYLE = Automatic;
				INFOPLIST_FILE = flixUITests/Info.plist;
				LD_RUNPATH_SEARCH_PATHS = (
					"$(inherited)",
					"@executable_path/Frameworks",
					"@loader_path/Frameworks",
				);
				PRODUCT_BUNDLE_IDENTIFIER = Codepath.flixUITests;
				PRODUCT_NAME = "$(TARGET_NAME)";
				SWIFT_VERSION = 5.0;
				TARGETED_DEVICE_FAMILY = "1,2";
				TEST_TARGET_NAME = flix;
			};
			name = Debug;
		};
		BDEC33A6251ED0F9006038BE /* Release */ = {
			isa = XCBuildConfiguration;
			buildSettings = {
				ALWAYS_EMBED_SWIFT_STANDARD_LIBRARIES = YES;
				CODE_SIGN_STYLE = Automatic;
				INFOPLIST_FILE = flixUITests/Info.plist;
				LD_RUNPATH_SEARCH_PATHS = (
					"$(inherited)",
					"@executable_path/Frameworks",
					"@loader_path/Frameworks",
				);
				PRODUCT_BUNDLE_IDENTIFIER = Codepath.flixUITests;
				PRODUCT_NAME = "$(TARGET_NAME)";
				SWIFT_VERSION = 5.0;
				TARGETED_DEVICE_FAMILY = "1,2";
				TEST_TARGET_NAME = flix;
			};
			name = Release;
		};
/* End XCBuildConfiguration section */

/* Begin XCConfigurationList section */
		BDEC336F251ED0F6006038BE /* Build configuration list for PBXProject "flix" */ = {
			isa = XCConfigurationList;
			buildConfigurations = (
				BDEC339C251ED0F9006038BE /* Debug */,
				BDEC339D251ED0F9006038BE /* Release */,
			);
			defaultConfigurationIsVisible = 0;
			defaultConfigurationName = Release;
		};
		BDEC339E251ED0F9006038BE /* Build configuration list for PBXNativeTarget "flix" */ = {
			isa = XCConfigurationList;
			buildConfigurations = (
				BDEC339F251ED0F9006038BE /* Debug */,
				BDEC33A0251ED0F9006038BE /* Release */,
			);
			defaultConfigurationIsVisible = 0;
			defaultConfigurationName = Release;
		};
		BDEC33A1251ED0F9006038BE /* Build configuration list for PBXNativeTarget "flixTests" */ = {
			isa = XCConfigurationList;
			buildConfigurations = (
				BDEC33A2251ED0F9006038BE /* Debug */,
				BDEC33A3251ED0F9006038BE /* Release */,
			);
			defaultConfigurationIsVisible = 0;
			defaultConfigurationName = Release;
		};
		BDEC33A4251ED0F9006038BE /* Build configuration list for PBXNativeTarget "flixUITests" */ = {
			isa = XCConfigurationList;
			buildConfigurations = (
				BDEC33A5251ED0F9006038BE /* Debug */,
				BDEC33A6251ED0F9006038BE /* Release */,
			);
			defaultConfigurationIsVisible = 0;
			defaultConfigurationName = Release;
		};
/* End XCConfigurationList section */
	};
	rootObject = BDEC336C251ED0F6006038BE /* Project object */;
}
